
Microsoft Visual Studio Solution File, Format Version 12.00
# Visual Studio Version 16
VisualStudioVersion = 16.0.30907.101
MinimumVisualStudioVersion = 10.0.40219.1
Project("{FAE04EC0-301F-11D3-BF4B-00C04F79EFBC}") = "coreFunction", "coreFunction\coreFunction.csproj", "{CAE7483C-1ECF-4299-8EC0-B1F7B99F5AB8}"
EndProject
Project("{FAE04EC0-301F-11D3-BF4B-00C04F79EFBC}") = "fiveFunction", "fiveFunction\fiveFunction.csproj", "{830D06C5-1B05-4AA3-90BB-CBAEA9782B4A}"
EndProject
Global
	GlobalSection(SolutionConfigurationPlatforms) = preSolution
		Debug|Any CPU = Debug|Any CPU
		Release|Any CPU = Release|Any CPU
	EndGlobalSection
	GlobalSection(ProjectConfigurationPlatforms) = postSolution
		{CAE7483C-1ECF-4299-8EC0-B1F7B99F5AB8}.Debug|Any CPU.ActiveCfg = Debug|Any CPU
		{CAE7483C-1ECF-4299-8EC0-B1F7B99F5AB8}.Debug|Any CPU.Build.0 = Debug|Any CPU
		{CAE7483C-1ECF-4299-8EC0-B1F7B99F5AB8}.Release|Any CPU.ActiveCfg = Release|Any CPU
		{CAE7483C-1ECF-4299-8EC0-B1F7B99F5AB8}.Release|Any CPU.Build.0 = Release|Any CPU
		{830D06C5-1B05-4AA3-90BB-CBAEA9782B4A}.Debug|Any CPU.ActiveCfg = Debug|Any CPU
		{830D06C5-1B05-4AA3-90BB-CBAEA9782B4A}.Debug|Any CPU.Build.0 = Debug|Any CPU
		{830D06C5-1B05-4AA3-90BB-CBAEA9782B4A}.Release|Any CPU.ActiveCfg = Release|Any CPU
		{830D06C5-1B05-4AA3-90BB-CBAEA9782B4A}.Release|Any CPU.Build.0 = Release|Any CPU
	EndGlobalSection
	GlobalSection(SolutionProperties) = preSolution
		HideSolutionNode = FALSE
	EndGlobalSection
	GlobalSection(ExtensibilityGlobals) = postSolution
		SolutionGuid = {1CEF1CEC-F3E3-4395-89CE-7A387BCFEF30}
	EndGlobalSection
EndGlobal
