
Microsoft Visual Studio Solution File, Format Version 12.00
# Visual Studio Version 16
VisualStudioVersion = 16.0.29920.165
MinimumVisualStudioVersion = 10.0.40219.1
Project("{FAE04EC0-301F-11D3-BF4B-00C04F79EFBC}") = "application-insights-logger", "application-insights-logger\application-insights-logger.csproj", "{B106797A-0A3C-415E-8014-D42FD2659BD2}"
EndProject
Global
	GlobalSection(SolutionConfigurationPlatforms) = preSolution
		Debug|Any CPU = Debug|Any CPU
		Release|Any CPU = Release|Any CPU
	EndGlobalSection
	GlobalSection(ProjectConfigurationPlatforms) = postSolution
		{B106797A-0A3C-415E-8014-D42FD2659BD2}.Debug|Any CPU.ActiveCfg = Debug|Any CPU
		{B106797A-0A3C-415E-8014-D42FD2659BD2}.Debug|Any CPU.Build.0 = Debug|Any CPU
		{B106797A-0A3C-415E-8014-D42FD2659BD2}.Release|Any CPU.ActiveCfg = Release|Any CPU
		{B106797A-0A3C-415E-8014-D42FD2659BD2}.Release|Any CPU.Build.0 = Release|Any CPU
	EndGlobalSection
	GlobalSection(SolutionProperties) = preSolution
		HideSolutionNode = FALSE
	EndGlobalSection
	GlobalSection(ExtensibilityGlobals) = postSolution
		SolutionGuid = {772C0B5C-8374-4AF3-8404-E788797B8E84}
	EndGlobalSection
EndGlobal
