
Microsoft Visual Studio Solution File, Format Version 12.00
# Visual Studio Version 16
VisualStudioVersion = 16.0.29911.84
MinimumVisualStudioVersion = 10.0.40219.1
Project("{FAE04EC0-301F-11D3-BF4B-00C04F79EFBC}") = "typescript-aspnet", "typescript-aspnet\typescript-aspnet.csproj", "{D33FE3DF-9F8E-429F-A189-C1D877C36A19}"
EndProject
Global
	GlobalSection(SolutionConfigurationPlatforms) = preSolution
		Debug|Any CPU = Debug|Any CPU
		Release|Any CPU = Release|Any CPU
	EndGlobalSection
	GlobalSection(ProjectConfigurationPlatforms) = postSolution
		{D33FE3DF-9F8E-429F-A189-C1D877C36A19}.Debug|Any CPU.ActiveCfg = Debug|Any CPU
		{D33FE3DF-9F8E-429F-A189-C1D877C36A19}.Debug|Any CPU.Build.0 = Debug|Any CPU
		{D33FE3DF-9F8E-429F-A189-C1D877C36A19}.Release|Any CPU.ActiveCfg = Release|Any CPU
		{D33FE3DF-9F8E-429F-A189-C1D877C36A19}.Release|Any CPU.Build.0 = Release|Any CPU
	EndGlobalSection
	GlobalSection(SolutionProperties) = preSolution
		HideSolutionNode = FALSE
	EndGlobalSection
	GlobalSection(ExtensibilityGlobals) = postSolution
		SolutionGuid = {532FD63E-3A2E-4C8F-A6E5-29D2A4C179BC}
	EndGlobalSection
EndGlobal
