{
  "name": "asp.net",
  "version": "1.0.0",
  "lockfileVersion": 1,
  "requires": true,
  "dependencies": {
    "@icm/portal-extension-survey": {
      "version": "0.1.3",
      "resolved": "http://icmnpm/@icm%2fportal-extension-survey/-/portal-extension-survey-0.1.3.tgz",
      "integrity": "sha512-xa2DfFQIHs0cXSPAq04rLwFpeejRleEVJUZicz6P9VA4ZkfpyvYjQoQ/WPikojRoiJpjKXL+vdMIt7VBsnrhYA==",
      "dev": true
    }
  }
}
