
Microsoft Visual Studio Solution File, Format Version 12.00
# Visual Studio Version 16
VisualStudioVersion = 16.0.31613.86
MinimumVisualStudioVersion = 10.0.40219.1
Project("{FAE04EC0-301F-11D3-BF4B-00C04F79EFBC}") = "MyApp", "MyApp\MyApp.csproj", "{2279B731-82D1-40C4-BFBC-20F785ADF91B}"
EndProject
Project("{FAE04EC0-301F-11D3-BF4B-00C04F79EFBC}") = "MyApp.Tests", "MyApp.Tests\MyApp.Tests.csproj", "{038BC8D8-61D6-42BA-81EB-80D2685C2BFE}"
EndProject
Global
	GlobalSection(SolutionConfigurationPlatforms) = preSolution
		Debug|Any CPU = Debug|Any CPU
		Release|Any CPU = Release|Any CPU
	EndGlobalSection
	GlobalSection(ProjectConfigurationPlatforms) = postSolution
		{2279B731-82D1-40C4-BFBC-20F785ADF91B}.Debug|Any CPU.ActiveCfg = Debug|Any CPU
		{2279B731-82D1-40C4-BFBC-20F785ADF91B}.Debug|Any CPU.Build.0 = Debug|Any CPU
		{2279B731-82D1-40C4-BFBC-20F785ADF91B}.Release|Any CPU.ActiveCfg = Release|Any CPU
		{2279B731-82D1-40C4-BFBC-20F785ADF91B}.Release|Any CPU.Build.0 = Release|Any CPU
		{038BC8D8-61D6-42BA-81EB-80D2685C2BFE}.Debug|Any CPU.ActiveCfg = Debug|Any CPU
		{038BC8D8-61D6-42BA-81EB-80D2685C2BFE}.Debug|Any CPU.Build.0 = Debug|Any CPU
		{038BC8D8-61D6-42BA-81EB-80D2685C2BFE}.Release|Any CPU.ActiveCfg = Release|Any CPU
		{038BC8D8-61D6-42BA-81EB-80D2685C2BFE}.Release|Any CPU.Build.0 = Release|Any CPU
	EndGlobalSection
	GlobalSection(SolutionProperties) = preSolution
		HideSolutionNode = FALSE
	EndGlobalSection
	GlobalSection(ExtensibilityGlobals) = postSolution
		SolutionGuid = {5327E78E-5B15-451E-873F-91F4F5B2084F}
	EndGlobalSection
EndGlobal
